// !$*UTF8*$!
{
	archiveVersion = 1;
	classes = {
	};
	objectVersion = 46;
	objects = {

/* Begin PBXBuildFile section */
		DAC749D91C32480600963CD9 /* main.m in Sources */ = {isa = PBXBuildFile; fileRef = DAC749D81C32480600963CD9 /* main.m */; };
		DAC749DC1C32480600963CD9 /* AppDelegate.m in Sources */ = {isa = PBXBuildFile; fileRef = DAC749DB1C32480600963CD9 /* AppDelegate.m */; };
		DAC749DF1C32480600963CD9 /* ViewController.m in Sources */ = {isa = PBXBuildFile; fileRef = DAC749DE1C32480600963CD9 /* ViewController.m */; };
		DAC749E21C32480600963CD9 /* Main.storyboard in Resources */ = {isa = PBXBuildFile; fileRef = DAC749E01C32480600963CD9 /* Main.storyboard */; };
		DAC749E41C32480600963CD9 /* Assets.xcassets in Resources */ = {isa = PBXBuildFile; fileRef = DAC749E31C32480600963CD9 /* Assets.xcassets */; };
		DAC749E71C32480600963CD9 /* LaunchScreen.storyboard in Resources */ = {isa = PBXBuildFile; fileRef = DAC749E51C32480600963CD9 /* LaunchScreen.storyboard */; };
/* End PBXBuildFile section */

/* Begin PBXFileReference section */
		DAC749D41C32480600963CD9 /* ZZCircleProgressViewWithDot.app */ = {isa = PBXFileReference; explicitFileType = wrapper.application; includeInIndex = 0; path = ZZCircleProgressViewWithDot.app; sourceTree = BUILT_PRODUCTS_DIR; };
		DAC749D81C32480600963CD9 /* main.m */ = {isa = PBXFileReference; lastKnownFileType = sourcecode.c.objc; path = main.m; sourceTree = "<group>"; };
		DAC749DA1C32480600963CD9 /* AppDelegate.h */ = {isa = PBXFileReference; lastKnownFileType = sourcecode.c.h; path = AppDelegate.h; sourceTree = "<group>"; };
		DAC749DB1C32480600963CD9 /* AppDelegate.m */ = {isa = PBXFileReference; lastKnownFileType = sourcecode.c.objc; path = AppDelegate.m; sourceTree = "<group>"; };
		DAC749DD1C32480600963CD9 /* ViewController.h */ = {isa = PBXFileReference; lastKnownFileType = sourcecode.c.h; path = ViewController.h; sourceTree = "<group>"; };
		DAC749DE1C32480600963CD9 /* ViewController.m */ = {isa = PBXFileReference; lastKnownFileType = sourcecode.c.objc; path = ViewController.m; sourceTree = "<group>"; };
		DAC749E11C32480600963CD9 /* Base */ = {isa = PBXFileReference; lastKnownFileType = file.storyboard; name = Base; path = Base.lproj/Main.storyboard; sourceTree = "<group>"; };
		DAC749E31C32480600963CD9 /* Assets.xcassets */ = {isa = PBXFileReference; lastKnownFileType = folder.assetcatalog; path = Assets.xcassets; sourceTree = "<group>"; };
		DAC749E61C32480600963CD9 /* Base */ = {isa = PBXFileReference; lastKnownFileType = file.storyboard; name = Base; path = Base.lproj/LaunchScreen.storyboard; sourceTree = "<group>"; };
		DAC749E81C32480600963CD9 /* Info.plist */ = {isa = PBXFileReference; lastKnownFileType = text.plist.xml; path = Info.plist; sourceTree = "<group>"; };
/* End PBXFileReference section */

/* Begin PBXFrameworksBuildPhase section */
		DAC749D11C32480600963CD9 /* Frameworks */ = {
			isa = PBXFrameworksBuildPhase;
			buildActionMask = 2147483647;
			files = (
			);
			runOnlyForDeploymentPostprocessing = 0;
		};
/* End PBXFrameworksBuildPhase section */

/* Begin PBXGroup section */
		DAC749CB1C32480600963CD9 = {
			isa = PBXGroup;
			children = (
				DAC749D61C32480600963CD9 /* ZZCircleProgressViewWithDot */,
				DAC749D51C32480600963CD9 /* Products */,
			);
			sourceTree = "<group>";
		};
		DAC749D51C32480600963CD9 /* Products */ = {
			isa = PBXGroup;
			children = (
				DAC749D41C32480600963CD9 /* ZZCircleProgressViewWithDot.app */,
			);
			name = Products;
			sourceTree = "<group>";
		};
		DAC749D61C32480600963CD9 /* ZZCircleProgressViewWithDot */ = {
			isa = PBXGroup;
			children = (
				DAC749DA1C32480600963CD9 /* AppDelegate.h */,
				DAC749DB1C32480600963CD9 /* AppDelegate.m */,
				DAC749DD1C32480600963CD9 /* ViewController.h */,
				DAC749DE1C32480600963CD9 /* ViewController.m */,
				DAC749E01C32480600963CD9 /* Main.storyboard */,
				DAC749E31C32480600963CD9 /* Assets.xcassets */,
				DAC749E51C32480600963CD9 /* LaunchScreen.storyboard */,
				DAC749E81C32480600963CD9 /* Info.plist */,
				DAC749D71C32480600963CD9 /* Supporting Files */,
			);
			path = ZZCircleProgressViewWithDot;
			sourceTree = "<group>";
		};
		DAC749D71C32480600963CD9 /* Supporting Files */ = {
			isa = PBXGroup;
			children = (
				DAC749D81C32480600963CD9 /* main.m */,
			);
			name = "Supporting Files";
			sourceTree = "<group>";
		};
/* End PBXGroup section */

/* Begin PBXNativeTarget section */
		DAC749D31C32480600963CD9 /* ZZCircleProgressViewWithDot */ = {
			isa = PBXNativeTarget;
			buildConfigurationList = DAC749EB1C32480600963CD9 /* Build configuration list for PBXNativeTarget "ZZCircleProgressViewWithDot" */;
			buildPhases = (
				DAC749D01C32480600963CD9 /* Sources */,
				DAC749D11C32480600963CD9 /* Frameworks */,
				DAC749D21C32480600963CD9 /* Resources */,
			);
			buildRules = (
			);
			dependencies = (
			);
			name = ZZCircleProgressViewWithDot;
			productName = ZZCircleProgressViewWithDot;
			productReference = DAC749D41C32480600963CD9 /* ZZCircleProgressViewWithDot.app */;
			productType = "com.apple.product-type.application";
		};
/* End PBXNativeTarget section */

/* Begin PBXProject section */
		DAC749CC1C32480600963CD9 /* Project object */ = {
			isa = PBXProject;
			attributes = {
				LastUpgradeCheck = 0720;
				ORGANIZATIONNAME = LiuWeiZhen;
				TargetAttributes = {
					DAC749D31C32480600963CD9 = {
						CreatedOnToolsVersion = 7.2;
					};
				};
			};
			buildConfigurationList = DAC749CF1C32480600963CD9 /* Build configuration list for PBXProject "ZZCircleProgressViewWithDot" */;
			compatibilityVersion = "Xcode 3.2";
			developmentRegion = English;
			hasScannedForEncodings = 0;
			knownRegions = (
				en,
				Base,
			);
			mainGroup = DAC749CB1C32480600963CD9;
			productRefGroup = DAC749D51C32480600963CD9 /* Products */;
			projectDirPath = "";
			projectRoot = "";
			targets = (
				DAC749D31C32480600963CD9 /* ZZCircleProgressViewWithDot */,
			);
		};
/* End PBXProject section */

/* Begin PBXResourcesBuildPhase section */
		DAC749D21C32480600963CD9 /* Resources */ = {
			isa = PBXResourcesBuildPhase;
			buildActionMask = 2147483647;
			files = (
				DAC749E71C32480600963CD9 /* LaunchScreen.storyboard in Resources */,
				DAC749E41C32480600963CD9 /* Assets.xcassets in Resources */,
				DAC749E21C32480600963CD9 /* Main.storyboard in Resources */,
			);
			runOnlyForDeploymentPostprocessing = 0;
		};
/* End PBXResourcesBuildPhase section */

/* Begin PBXSourcesBuildPhase section */
		DAC749D01C32480600963CD9 /* Sources */ = {
			isa = PBXSourcesBuildPhase;
			buildActionMask = 2147483647;
			files = (
				DAC749DF1C32480600963CD9 /* ViewController.m in Sources */,
				DAC749DC1C32480600963CD9 /* AppDelegate.m in Sources */,
				DAC749D91C32480600963CD9 /* main.m in Sources */,
			);
			runOnlyForDeploymentPostprocessing = 0;
		};
/* End PBXSourcesBuildPhase section */

/* Begin PBXVariantGroup section */
		DAC749E01C32480600963CD9 /* Main.storyboard */ = {
			isa = PBXVariantGroup;
			children = (
				DAC749E11C32480600963CD9 /* Base */,
			);
			name = Main.storyboard;
			sourceTree = "<group>";
		};
		DAC749E51C32480600963CD9 /* LaunchScreen.storyboard */ = {
			isa = PBXVariantGroup;
			children = (
				DAC749E61C32480600963CD9 /* Base */,
			);
			name = LaunchScreen.storyboard;
			sourceTree = "<group>";
		};
/* End PBXVariantGroup section */

/* Begin XCBuildConfiguration section */
		DAC749E91C32480600963CD9 /* Debug */ = {
			isa = XCBuildConfiguration;
			buildSettings = {
				ALWAYS_SEARCH_USER_PATHS = NO;
				CLANG_CXX_LANGUAGE_STANDARD = "gnu++0x";
				CLANG_CXX_LIBRARY = "libc++";
				CLANG_ENABLE_MODULES = YES;
				CLANG_ENABLE_OBJC_ARC = YES;
				CLANG_WARN_BOOL_CONVERSION = YES;
				CLANG_WARN_CONSTANT_CONVERSION = YES;
				CLANG_WARN_DIRECT_OBJC_ISA_USAGE = YES_ERROR;
				CLANG_WARN_EMPTY_BODY = YES;
				CLANG_WARN_ENUM_CONVERSION = YES;
				CLANG_WARN_INT_CONVERSION = YES;
				CLANG_WARN_OBJC_ROOT_CLASS = YES_ERROR;
				CLANG_WARN_UNREACHABLE_CODE = YES;
				CLANG_WARN__DUPLICATE_METHOD_MATCH = YES;
				"CODE_SIGN_IDENTITY[sdk=iphoneos*]" = "iPhone Developer";
				COPY_PHASE_STRIP = NO;
				DEBUG_INFORMATION_FORMAT = dwarf;
				ENABLE_STRICT_OBJC_MSGSEND = YES;
				ENABLE_TESTABILITY = YES;
				GCC_C_LANGUAGE_STANDARD = gnu99;
				GCC_DYNAMIC_NO_PIC = NO;
				GCC_NO_COMMON_BLOCKS = YES;
				GCC_OPTIMIZATION_LEVEL = 0;
				GCC_PREPROCESSOR_DEFINITIONS = (
					"DEBUG=1",
					"$(inherited)",
				);
				GCC_WARN_64_TO_32_BIT_CONVERSION = YES;
				GCC_WARN_ABOUT_RETURN_TYPE = YES_ERROR;
				GCC_WARN_UNDECLARED_SELECTOR = YES;
				GCC_WARN_UNINITIALIZED_AUTOS = YES_AGGRESSIVE;
				GCC_WARN_UNUSED_FUNCTION = YES;
				GCC_WARN_UNUSED_VARIABLE = YES;
				IPHONEOS_DEPLOYMENT_TARGET = 9.2;
				MTL_ENABLE_DEBUG_INFO = YES;
				ONLY_ACTIVE_ARCH = YES;
				SDKROOT = iphoneos;
				TARGETED_DEVICE_FAMILY = "1,2";
			};
			name = Debug;
		};
		DAC749EA1C32480600963CD9 /* Release */ = {
			isa = XCBuildConfiguration;
			buildSettings = {
				ALWAYS_SEARCH_USER_PATHS = NO;
				CLANG_CXX_LANGUAGE_STANDARD = "gnu++0x";
				CLANG_CXX_LIBRARY = "libc++";
				CLANG_ENABLE_MODULES = YES;
				CLANG_ENABLE_OBJC_ARC = YES;
				CLANG_WARN_BOOL_CONVERSION = YES;
				CLANG_WARN_CONSTANT_CONVERSION = YES;
				CLANG_WARN_DIRECT_OBJC_ISA_USAGE = YES_ERROR;
				CLANG_WARN_EMPTY_BODY = YES;
				CLANG_WARN_ENUM_CONVERSION = YES;
				CLANG_WARN_INT_CONVERSION = YES;
				CLANG_WARN_OBJC_ROOT_CLASS = YES_ERROR;
				CLANG_WARN_UNREACHABLE_CODE = YES;
				CLANG_WARN__DUPLICATE_METHOD_MATCH = YES;
				"CODE_SIGN_IDENTITY[sdk=iphoneos*]" = "iPhone Developer";
				COPY_PHASE_STRIP = NO;
				DEBUG_INFORMATION_FORMAT = "dwarf-with-dsym";
				ENABLE_NS_ASSERTIONS = NO;
				ENABLE_STRICT_OBJC_MSGSEND = YES;
				GCC_C_LANGUAGE_STANDARD = gnu99;
				GCC_NO_COMMON_BLOCKS = YES;
				GCC_WARN_64_TO_32_BIT_CONVERSION = YES;
				GCC_WARN_ABOUT_RETURN_TYPE = YES_ERROR;
				GCC_WARN_UNDECLARED_SELECTOR = YES;
				GCC_WARN_UNINITIALIZED_AUTOS = YES_AGGRESSIVE;
				GCC_WARN_UNUSED_FUNCTION = YES;
				GCC_WARN_UNUSED_VARIABLE = YES;
				IPHONEOS_DEPLOYMENT_TARGET = 9.2;
				MTL_ENABLE_DEBUG_INFO = NO;
				SDKROOT = iphoneos;
				TARGETED_DEVICE_FAMILY = "1,2";
				VALIDATE_PRODUCT = YES;
			};
			name = Release;
		};
		DAC749EC1C32480600963CD9 /* Debug */ = {
			isa = XCBuildConfiguration;
			buildSettings = {
				ASSETCATALOG_COMPILER_APPICON_NAME = AppIcon;
				INFOPLIST_FILE = ZZCircleProgressViewWithDot/Info.plist;
				LD_RUNPATH_SEARCH_PATHS = "$(inherited) @executable_path/Frameworks";
				PRODUCT_BUNDLE_IDENTIFIER = com.bilian.ZZCircleProgressViewWithDot;
				PRODUCT_NAME = "$(TARGET_NAME)";
			};
			name = Debug;
		};
		DAC749ED1C32480600963CD9 /* Release */ = {
			isa = XCBuildConfiguration;
			buildSettings = {
				ASSETCATALOG_COMPILER_APPICON_NAME = AppIcon;
				INFOPLIST_FILE = ZZCircleProgressViewWithDot/Info.plist;
				LD_RUNPATH_SEARCH_PATHS = "$(inherited) @executable_path/Frameworks";
				PRODUCT_BUNDLE_IDENTIFIER = com.bilian.ZZCircleProgressViewWithDot;
				PRODUCT_NAME = "$(TARGET_NAME)";
			};
			name = Release;
		};
/* End XCBuildConfiguration section */

/* Begin XCConfigurationList section */
		DAC749CF1C32480600963CD9 /* Build configuration list for PBXProject "ZZCircleProgressViewWithDot" */ = {
			isa = XCConfigurationList;
			buildConfigurations = (
				DAC749E91C32480600963CD9 /* Debug */,
				DAC749EA1C32480600963CD9 /* Release */,
			);
			defaultConfigurationIsVisible = 0;
			defaultConfigurationName = Release;
		};
		DAC749EB1C32480600963CD9 /* Build configuration list for PBXNativeTarget "ZZCircleProgressViewWithDot" */ = {
			isa = XCConfigurationList;
			buildConfigurations = (
				DAC749EC1C32480600963CD9 /* Debug */,
				DAC749ED1C32480600963CD9 /* Release */,
			);
			defaultConfigurationIsVisible = 0;
		};
/* End XCConfigurationList section */
	};
	rootObject = DAC749CC1C32480600963CD9 /* Project object */;
}
